{
  "name": "operaciones",
  "lockfileVersion": 3,
  "requires": true,
  "packages": {
    "": {
      "dependencies": {
        "crypto-js": "^4.2.0",
        "decimal.js": "^10.4.3",
        "format-currency": "^1.0.0"
      }
    },
    "node_modules/crypto-js": {
      "version": "4.2.0",
      "resolved": "https://registry.npmjs.org/crypto-js/-/crypto-js-4.2.0.tgz",
      "integrity": "sha512-KALDyEYgpY+Rlob/iriUtjV6d5Eq+Y191A5g4UqLAi8CyGP9N1+FdVbkc1SxKc2r4YAYqG8JzO2KGL+AizD70Q==",
      "license": "MIT"
    },
    "node_modules/decimal.js": {
      "version": "10.4.3",
      "resolved": "https://registry.npmjs.org/decimal.js/-/decimal.js-10.4.3.tgz",
      "integrity": "sha512-VBBaLc1MgL5XpzgIP7ny5Z6Nx3UrRkIViUkPUdtl9aya5amy3De1gsUUSB1g3+3sExYNjCAsAznmukyxCb1GRA==",
      "license": "MIT"
    },
    "node_modules/format-currency": {
      "version": "1.0.0",
      "resolved": "https://registry.npmjs.org/format-currency/-/format-currency-1.0.0.tgz",
      "integrity": "sha512-CDuhsqaP2jhlX81trjrDFbHk9Y6ibPRl/JQ5iPh9mwyplUcu+weVBHROCtTLm9qu/I4J474+2u1eQTCCAWIRxg==",
      "license": "MIT",
      "dependencies": {
        "format-num": "^1.0.0"
      }
    },
    "node_modules/format-num": {
      "version": "1.2.0",
      "resolved": "https://registry.npmjs.org/format-num/-/format-num-1.2.0.tgz",
      "integrity": "sha512-4FKRmc1FQYATFgZx5ZSTg3mCuWhfzepmQih+jlA9YIqA5fB8aCo3DhfReKgdFLuakNcWV3BHwPsO8S0OxzQLgQ==",
      "license": "MIT",
      "dependencies": {
        "parse-num": "^1.0.0"
      }
    },
    "node_modules/parse-num": {
      "version": "1.0.0",
      "resolved": "https://registry.npmjs.org/parse-num/-/parse-num-1.0.0.tgz",
      "integrity": "sha512-WFqJDz9iL82aIb4INYBmxezx1F8eIQFRxMy4la+oHFxjBBRUcAJXNj/+jGouHy/1GIDZRiWeFNZOuII3UskPkQ==",
      "license": "MIT"
    }
  }
}
